
Microsoft Visual Studio Solution File, Format Version 11.00
# Visual Studio 2010
Project("{8BC9CEB8-8B4A-11D0-8D11-00A0C91BC942}") = "Q Join", "QJ\QJ.vcxproj", "{FE9F3343-930F-49E0-BD0A-2CF2732206E6}"
EndProject
Global
	GlobalSection(SolutionConfigurationPlatforms) = preSolution
		Debug|Win32 = Debug|Win32
		Release|Win32 = Release|Win32
	EndGlobalSection
	GlobalSection(ProjectConfigurationPlatforms) = postSolution
		{FE9F3343-930F-49E0-BD0A-2CF2732206E6}.Debug|Win32.ActiveCfg = Debug|Win32
		{FE9F3343-930F-49E0-BD0A-2CF2732206E6}.Debug|Win32.Build.0 = Debug|Win32
		{FE9F3343-930F-49E0-BD0A-2CF2732206E6}.Release|Win32.ActiveCfg = Release|Win32
		{FE9F3343-930F-49E0-BD0A-2CF2732206E6}.Release|Win32.Build.0 = Release|Win32
	EndGlobalSection
	GlobalSection(SolutionProperties) = preSolution
		HideSolutionNode = FALSE
	EndGlobalSection
EndGlobal
