<?xml version="1.0" encoding="utf-8"?>
<Project ToolsVersion="4.0" xmlns="http://schemas.microsoft.com/developer/msbuild/2003">
  <ItemGroup>
    <Filter Include="Source Files">
      <UniqueIdentifier>{4FC737F1-C7A5-4376-A066-2A32D752A2FF}</UniqueIdentifier>
      <Extensions>cpp;c;cc;cxx;def;odl;idl;hpj;bat;asm;asmx</Extensions>
    </Filter>
    <Filter Include="Header Files">
      <UniqueIdentifier>{93995380-89BD-4b04-88EB-625FBE52EBFB}</UniqueIdentifier>
      <Extensions>h;hpp;hxx;hm;inl;inc;xsd</Extensions>
    </Filter>
    <Filter Include="Resource Files">
      <UniqueIdentifier>{67DA6AB6-F800-4c08-8B7A-83BB121AAD01}</UniqueIdentifier>
      <Extensions>rc;ico;cur;bmp;dlg;rc2;rct;bin;rgs;gif;jpg;jpeg;jpe;resx;tiff;tif;png;wav</Extensions>
    </Filter>
    <Filter Include="Common">
      <UniqueIdentifier>{0700e123-e68c-4ca5-95ff-15c338a98213}</UniqueIdentifier>
    </Filter>
    <Filter Include="Controls">
      <UniqueIdentifier>{8a935807-3573-45f3-b9db-562a479bdb3e}</UniqueIdentifier>
    </Filter>
    <Filter Include="Core">
      <UniqueIdentifier>{1eefc51a-7249-48bb-b28a-7c5dff4fbe6e}</UniqueIdentifier>
    </Filter>
  </ItemGroup>
  <ItemGroup>
    <ClCompile Include="CDialogs.cpp">
      <Filter>Common</Filter>
    </ClCompile>
    <ClCompile Include="WndUtills.h">
      <Filter>Common</Filter>
    </ClCompile>
    <ClCompile Include="WndUtils.cpp">
      <Filter>Common</Filter>
    </ClCompile>
    <ClCompile Include="StaticText.cpp">
      <Filter>Controls</Filter>
    </ClCompile>
    <ClCompile Include="TextBox.cpp">
      <Filter>Controls</Filter>
    </ClCompile>
    <ClCompile Include="Button.cpp">
      <Filter>Controls</Filter>
    </ClCompile>
    <ClCompile Include="ProgressBar.cpp">
      <Filter>Controls</Filter>
    </ClCompile>
    <ClCompile Include="Joiner.cpp">
      <Filter>Core</Filter>
    </ClCompile>
    <ClCompile Include="MemoryBlock.cpp">
      <Filter>Common</Filter>
    </ClCompile>
    <ClCompile Include="StringUtils.cpp">
      <Filter>Common</Filter>
    </ClCompile>
    <ClCompile Include="IoUtils.cpp">
      <Filter>Common</Filter>
    </ClCompile>
    <ClCompile Include="NextPart.cpp">
      <Filter>Core</Filter>
    </ClCompile>
    <ClCompile Include="Threading.cpp">
      <Filter>Core</Filter>
    </ClCompile>
    <ClCompile Include="QJoin.cpp">
      <Filter>Source Files</Filter>
    </ClCompile>
  </ItemGroup>
  <ItemGroup>
    <ClInclude Include="resource.h">
      <Filter>Header Files</Filter>
    </ClInclude>
    <ClInclude Include="CDialogs.h">
      <Filter>Common</Filter>
    </ClInclude>
    <ClInclude Include="StaticText.h">
      <Filter>Controls</Filter>
    </ClInclude>
    <ClInclude Include="TextBox.h">
      <Filter>Controls</Filter>
    </ClInclude>
    <ClInclude Include="Button.h">
      <Filter>Controls</Filter>
    </ClInclude>
    <ClInclude Include="ProgressBar.h">
      <Filter>Controls</Filter>
    </ClInclude>
    <ClInclude Include="Joiner.h">
      <Filter>Core</Filter>
    </ClInclude>
    <ClInclude Include="MemoryBlock.h">
      <Filter>Common</Filter>
    </ClInclude>
    <ClInclude Include="StringUtils.h">
      <Filter>Common</Filter>
    </ClInclude>
    <ClInclude Include="IoUtils.h">
      <Filter>Common</Filter>
    </ClInclude>
    <ClInclude Include="NextPart.h">
      <Filter>Core</Filter>
    </ClInclude>
    <ClInclude Include="Threading.h">
      <Filter>Core</Filter>
    </ClInclude>
  </ItemGroup>
  <ItemGroup>
    <None Include="nextpart.ico">
      <Filter>Resource Files</Filter>
    </None>
    <None Include="package.ico">
      <Filter>Resource Files</Filter>
    </None>
  </ItemGroup>
  <ItemGroup>
    <ResourceCompile Include="QJ.rc">
      <Filter>Resource Files</Filter>
    </ResourceCompile>
  </ItemGroup>
  <ItemGroup>
    <Manifest Include="QJ.exe.manifest" />
  </ItemGroup>
</Project>